{
  "name": "cocos-creator-liquid",
  "version": "3.5.0",
  "lockfileVersion": 3,
  "requires": true,
  "packages": {
    "": {
      "name": "cocos-creator-liquid",
      "version": "3.5.0",
      "dependencies": {
        "@cocos/box2d": "^1.0.1"
      }
    },
    "node_modules/@cocos/box2d": {
      "version": "1.0.1",
      "resolved": "https://registry.npmjs.org/@cocos/box2d/-/box2d-1.0.1.tgz",
      "integrity": "sha512-qNPK0KZEnEwMMtrj1f/p71FuuutmzXD0n1z6jLU3ntULk7EyNfnlsKUkAZEDVtr9nPmUvQozt/XquZ+biGxTCg==",
      "dependencies": {
        "@types/systemjs": "^0.20.6"
      }
    },
    "node_modules/@types/systemjs": {
      "version": "0.20.8",
      "resolved": "https://registry.npmjs.org/@types/systemjs/-/systemjs-0.20.8.tgz",
      "integrity": "sha512-LO1LLPfKt5A/fqD4cxUHi1KCEQdwCgkHlT7zOIyFdWuwvZ2tDL8wUDbKY4YGOEsqifhzV6l5vE3aHJpYfwHZIg=="
    }
  }
}
